
Microsoft Visual Studio Solution File, Format Version 12.00
# Visual Studio Version 17
VisualStudioVersion = 17.0.31903.59
MinimumVisualStudioVersion = 10.0.40219.1
Project("{2150E333-8FDC-42A3-9474-1A3956D46DE8}") = "backend", "backend", "{1AE8ACA6-933B-BF2A-3671-3E2EAC007D16}"
EndProject
Project("{FAE04EC0-301F-11D3-BF4B-00C04F79EFBC}") = "FranchisorTBK.API", "backend\FranchisorTBK.API\FranchisorTBK.API.csproj", "{AF800C54-86FA-4C38-9B2F-3FA2C077735F}"
	ProjectSection(ProjectDependencies) = postProject
		{543CA515-33A5-4217-A373-5D69F864583E} = {543CA515-33A5-4217-A373-5D69F864583E}
		{B666CE7E-6A75-4DA6-B022-7DBD1E01766B} = {B666CE7E-6A75-4DA6-B022-7DBD1E01766B}
	EndProjectSection
EndProject
Project("{FAE04EC0-301F-11D3-BF4B-00C04F79EFBC}") = "FranchisorTBK.Domain", "backend\FranchisorTBK.Domain\FranchisorTBK.Domain.csproj", "{B666CE7E-6A75-4DA6-B022-7DBD1E01766B}"
EndProject
Project("{FAE04EC0-301F-11D3-BF4B-00C04F79EFBC}") = "FranchisorTBK.Application", "backend\FranchisorTBK.Application\FranchisorTBK.Application.csproj", "{8C2B3B34-82F4-4AEB-BE4B-38C59B95A36D}"
EndProject
Project("{FAE04EC0-301F-11D3-BF4B-00C04F79EFBC}") = "FranchisorTBK.Infrastructure", "backend\FranchisorTBK.Infrastructure\FranchisorTBK.Infrastructure.csproj", "{CE3D4B7D-5A98-456A-9FA7-01EC62168F8F}"
	ProjectSection(ProjectDependencies) = postProject
		{8C2B3B34-82F4-4AEB-BE4B-38C59B95A36D} = {8C2B3B34-82F4-4AEB-BE4B-38C59B95A36D}
	EndProjectSection
EndProject
Project("{FAE04EC0-301F-11D3-BF4B-00C04F79EFBC}") = "FranchisorTBK.Worker", "backend\FranchisorTBK.Worker\FranchisorTBK.Worker.csproj", "{543CA515-33A5-4217-A373-5D69F864583E}"
	ProjectSection(ProjectDependencies) = postProject
		{8C2B3B34-82F4-4AEB-BE4B-38C59B95A36D} = {8C2B3B34-82F4-4AEB-BE4B-38C59B95A36D}
		{B666CE7E-6A75-4DA6-B022-7DBD1E01766B} = {B666CE7E-6A75-4DA6-B022-7DBD1E01766B}
	EndProjectSection
EndProject
Global
	GlobalSection(SolutionConfigurationPlatforms) = preSolution
		Debug|Any CPU = Debug|Any CPU
		Debug|x64 = Debug|x64
		Debug|x86 = Debug|x86
		Release|Any CPU = Release|Any CPU
		Release|x64 = Release|x64
		Release|x86 = Release|x86
	EndGlobalSection
	GlobalSection(ProjectConfigurationPlatforms) = postSolution
		{AF800C54-86FA-4C38-9B2F-3FA2C077735F}.Debug|Any CPU.ActiveCfg = Debug|Any CPU
		{AF800C54-86FA-4C38-9B2F-3FA2C077735F}.Debug|Any CPU.Build.0 = Debug|Any CPU
		{AF800C54-86FA-4C38-9B2F-3FA2C077735F}.Debug|x64.ActiveCfg = Debug|Any CPU
		{AF800C54-86FA-4C38-9B2F-3FA2C077735F}.Debug|x64.Build.0 = Debug|Any CPU
		{AF800C54-86FA-4C38-9B2F-3FA2C077735F}.Debug|x86.ActiveCfg = Debug|Any CPU
		{AF800C54-86FA-4C38-9B2F-3FA2C077735F}.Debug|x86.Build.0 = Debug|Any CPU
		{AF800C54-86FA-4C38-9B2F-3FA2C077735F}.Release|Any CPU.ActiveCfg = Release|Any CPU
		{AF800C54-86FA-4C38-9B2F-3FA2C077735F}.Release|Any CPU.Build.0 = Release|Any CPU
		{AF800C54-86FA-4C38-9B2F-3FA2C077735F}.Release|x64.ActiveCfg = Release|Any CPU
		{AF800C54-86FA-4C38-9B2F-3FA2C077735F}.Release|x64.Build.0 = Release|Any CPU
		{AF800C54-86FA-4C38-9B2F-3FA2C077735F}.Release|x86.ActiveCfg = Release|Any CPU
		{AF800C54-86FA-4C38-9B2F-3FA2C077735F}.Release|x86.Build.0 = Release|Any CPU
		{B666CE7E-6A75-4DA6-B022-7DBD1E01766B}.Debug|Any CPU.ActiveCfg = Debug|Any CPU
		{B666CE7E-6A75-4DA6-B022-7DBD1E01766B}.Debug|Any CPU.Build.0 = Debug|Any CPU
		{B666CE7E-6A75-4DA6-B022-7DBD1E01766B}.Debug|x64.ActiveCfg = Debug|Any CPU
		{B666CE7E-6A75-4DA6-B022-7DBD1E01766B}.Debug|x64.Build.0 = Debug|Any CPU
		{B666CE7E-6A75-4DA6-B022-7DBD1E01766B}.Debug|x86.ActiveCfg = Debug|Any CPU
		{B666CE7E-6A75-4DA6-B022-7DBD1E01766B}.Debug|x86.Build.0 = Debug|Any CPU
		{B666CE7E-6A75-4DA6-B022-7DBD1E01766B}.Release|Any CPU.ActiveCfg = Release|Any CPU
		{B666CE7E-6A75-4DA6-B022-7DBD1E01766B}.Release|Any CPU.Build.0 = Release|Any CPU
		{B666CE7E-6A75-4DA6-B022-7DBD1E01766B}.Release|x64.ActiveCfg = Release|Any CPU
		{B666CE7E-6A75-4DA6-B022-7DBD1E01766B}.Release|x64.Build.0 = Release|Any CPU
		{B666CE7E-6A75-4DA6-B022-7DBD1E01766B}.Release|x86.ActiveCfg = Release|Any CPU
		{B666CE7E-6A75-4DA6-B022-7DBD1E01766B}.Release|x86.Build.0 = Release|Any CPU
		{8C2B3B34-82F4-4AEB-BE4B-38C59B95A36D}.Debug|Any CPU.ActiveCfg = Debug|Any CPU
		{8C2B3B34-82F4-4AEB-BE4B-38C59B95A36D}.Debug|Any CPU.Build.0 = Debug|Any CPU
		{8C2B3B34-82F4-4AEB-BE4B-38C59B95A36D}.Debug|x64.ActiveCfg = Debug|Any CPU
		{8C2B3B34-82F4-4AEB-BE4B-38C59B95A36D}.Debug|x64.Build.0 = Debug|Any CPU
		{8C2B3B34-82F4-4AEB-BE4B-38C59B95A36D}.Debug|x86.ActiveCfg = Debug|Any CPU
		{8C2B3B34-82F4-4AEB-BE4B-38C59B95A36D}.Debug|x86.Build.0 = Debug|Any CPU
		{8C2B3B34-82F4-4AEB-BE4B-38C59B95A36D}.Release|Any CPU.ActiveCfg = Release|Any CPU
		{8C2B3B34-82F4-4AEB-BE4B-38C59B95A36D}.Release|Any CPU.Build.0 = Release|Any CPU
		{8C2B3B34-82F4-4AEB-BE4B-38C59B95A36D}.Release|x64.ActiveCfg = Release|Any CPU
		{8C2B3B34-82F4-4AEB-BE4B-38C59B95A36D}.Release|x64.Build.0 = Release|Any CPU
		{8C2B3B34-82F4-4AEB-BE4B-38C59B95A36D}.Release|x86.ActiveCfg = Release|Any CPU
		{8C2B3B34-82F4-4AEB-BE4B-38C59B95A36D}.Release|x86.Build.0 = Release|Any CPU
		{CE3D4B7D-5A98-456A-9FA7-01EC62168F8F}.Debug|Any CPU.ActiveCfg = Debug|Any CPU
		{CE3D4B7D-5A98-456A-9FA7-01EC62168F8F}.Debug|Any CPU.Build.0 = Debug|Any CPU
		{CE3D4B7D-5A98-456A-9FA7-01EC62168F8F}.Debug|x64.ActiveCfg = Debug|Any CPU
		{CE3D4B7D-5A98-456A-9FA7-01EC62168F8F}.Debug|x64.Build.0 = Debug|Any CPU
		{CE3D4B7D-5A98-456A-9FA7-01EC62168F8F}.Debug|x86.ActiveCfg = Debug|Any CPU
		{CE3D4B7D-5A98-456A-9FA7-01EC62168F8F}.Debug|x86.Build.0 = Debug|Any CPU
		{CE3D4B7D-5A98-456A-9FA7-01EC62168F8F}.Release|Any CPU.ActiveCfg = Release|Any CPU
		{CE3D4B7D-5A98-456A-9FA7-01EC62168F8F}.Release|Any CPU.Build.0 = Release|Any CPU
		{CE3D4B7D-5A98-456A-9FA7-01EC62168F8F}.Release|x64.ActiveCfg = Release|Any CPU
		{CE3D4B7D-5A98-456A-9FA7-01EC62168F8F}.Release|x64.Build.0 = Release|Any CPU
		{CE3D4B7D-5A98-456A-9FA7-01EC62168F8F}.Release|x86.ActiveCfg = Release|Any CPU
		{CE3D4B7D-5A98-456A-9FA7-01EC62168F8F}.Release|x86.Build.0 = Release|Any CPU
		{543CA515-33A5-4217-A373-5D69F864583E}.Debug|Any CPU.ActiveCfg = Debug|Any CPU
		{543CA515-33A5-4217-A373-5D69F864583E}.Debug|Any CPU.Build.0 = Debug|Any CPU
		{543CA515-33A5-4217-A373-5D69F864583E}.Debug|x64.ActiveCfg = Debug|Any CPU
		{543CA515-33A5-4217-A373-5D69F864583E}.Debug|x64.Build.0 = Debug|Any CPU
		{543CA515-33A5-4217-A373-5D69F864583E}.Debug|x86.ActiveCfg = Debug|Any CPU
		{543CA515-33A5-4217-A373-5D69F864583E}.Debug|x86.Build.0 = Debug|Any CPU
		{543CA515-33A5-4217-A373-5D69F864583E}.Release|Any CPU.ActiveCfg = Release|Any CPU
		{543CA515-33A5-4217-A373-5D69F864583E}.Release|Any CPU.Build.0 = Release|Any CPU
		{543CA515-33A5-4217-A373-5D69F864583E}.Release|x64.ActiveCfg = Release|Any CPU
		{543CA515-33A5-4217-A373-5D69F864583E}.Release|x64.Build.0 = Release|Any CPU
		{543CA515-33A5-4217-A373-5D69F864583E}.Release|x86.ActiveCfg = Release|Any CPU
		{543CA515-33A5-4217-A373-5D69F864583E}.Release|x86.Build.0 = Release|Any CPU
	EndGlobalSection
	GlobalSection(SolutionProperties) = preSolution
		HideSolutionNode = FALSE
	EndGlobalSection
	GlobalSection(NestedProjects) = preSolution
		{AF800C54-86FA-4C38-9B2F-3FA2C077735F} = {1AE8ACA6-933B-BF2A-3671-3E2EAC007D16}
		{B666CE7E-6A75-4DA6-B022-7DBD1E01766B} = {1AE8ACA6-933B-BF2A-3671-3E2EAC007D16}
		{8C2B3B34-82F4-4AEB-BE4B-38C59B95A36D} = {1AE8ACA6-933B-BF2A-3671-3E2EAC007D16}
		{CE3D4B7D-5A98-456A-9FA7-01EC62168F8F} = {1AE8ACA6-933B-BF2A-3671-3E2EAC007D16}
		{543CA515-33A5-4217-A373-5D69F864583E} = {1AE8ACA6-933B-BF2A-3671-3E2EAC007D16}
	EndGlobalSection
EndGlobal
